// !$*UTF8*$!
{
	archiveVersion = 1;
	classes = {
	};
	objectVersion = 56;
	objects = {

/* Begin PBXBuildFile section */
		42DC5D9C2B03C3DE009EEF19 /* ChezTotoApp.swift in Sources */ = {isa = PBXBuildFile; fileRef = 42DC5D9B2B03C3DE009EEF19 /* ChezTotoApp.swift */; };
		42DC5D9E2B03C3DE009EEF19 /* ContentView.swift in Sources */ = {isa = PBXBuildFile; fileRef = 42DC5D9D2B03C3DE009EEF19 /* ContentView.swift */; };
		42DC5DA02B03C3E0009EEF19 /* Assets.xcassets in Resources */ = {isa = PBXBuildFile; fileRef = 42DC5D9F2B03C3E0009EEF19 /* Assets.xcassets */; };
		42DC5DA32B03C3E0009EEF19 /* Preview Assets.xcassets in Resources */ = {isa = PBXBuildFile; fileRef = 42DC5DA22B03C3E0009EEF19 /* Preview Assets.xcassets */; };
		42DC5DAA2B03C401009EEF19 /* MenuView.swift in Sources */ = {isa = PBXBuildFile; fileRef = 42DC5DA92B03C401009EEF19 /* MenuView.swift */; };
		42DC5DAD2B03C437009EEF19 /* Model.swift in Sources */ = {isa = PBXBuildFile; fileRef = 42DC5DAB2B03C437009EEF19 /* Model.swift */; };
		42DC5DAE2B03C437009EEF19 /* ViewModel.swift in Sources */ = {isa = PBXBuildFile; fileRef = 42DC5DAC2B03C437009EEF19 /* ViewModel.swift */; };
		42DC5DB02B03CA18009EEF19 /* InfosView.swift in Sources */ = {isa = PBXBuildFile; fileRef = 42DC5DAF2B03CA18009EEF19 /* InfosView.swift */; };
		42DC5DB22B03D0CC009EEF19 /* Source.json in Resources */ = {isa = PBXBuildFile; fileRef = 42DC5DB12B03D0CC009EEF19 /* Source.json */; };
		42DC5DB72B04D743009EEF19 /* RowView.swift in Sources */ = {isa = PBXBuildFile; fileRef = 42DC5DB62B04D743009EEF19 /* RowView.swift */; };
		7B3AEBFB2B0F63B7007ED86B /* ChezTotoViewModelTest.swift in Sources */ = {isa = PBXBuildFile; fileRef = 7B3AEBFA2B0F63B7007ED86B /* ChezTotoViewModelTest.swift */; };
		7BAC21AB2B10D62400821590 /* ChezTotoModelTest.swift in Sources */ = {isa = PBXBuildFile; fileRef = 7BAC21AA2B10D62400821590 /* ChezTotoModelTest.swift */; };
		7BAC21AF2B113C8E00821590 /* MenuViewUITest.swift in Sources */ = {isa = PBXBuildFile; fileRef = 7BAC21AE2B113C8E00821590 /* MenuViewUITest.swift */; };
		7BAC21B12B11DAAD00821590 /* RowViewUITest.swift in Sources */ = {isa = PBXBuildFile; fileRef = 7BAC21B02B11DAAD00821590 /* RowViewUITest.swift */; };
/* End PBXBuildFile section */

/* Begin PBXContainerItemProxy section */
		7B3AEBFC2B0F63B7007ED86B /* PBXContainerItemProxy */ = {
			isa = PBXContainerItemProxy;
			containerPortal = 42DC5D902B03C3DE009EEF19 /* Project object */;
			proxyType = 1;
			remoteGlobalIDString = 42DC5D972B03C3DE009EEF19;
			remoteInfo = ChezToto;
		};
/* End PBXContainerItemProxy section */

/* Begin PBXFileReference section */
		42DC5D982B03C3DE009EEF19 /* ChezToto.app */ = {isa = PBXFileReference; explicitFileType = wrapper.application; includeInIndex = 0; path = ChezToto.app; sourceTree = BUILT_PRODUCTS_DIR; };
		42DC5D9B2B03C3DE009EEF19 /* ChezTotoApp.swift */ = {isa = PBXFileReference; lastKnownFileType = sourcecode.swift; path = ChezTotoApp.swift; sourceTree = "<group>"; };
		42DC5D9D2B03C3DE009EEF19 /* ContentView.swift */ = {isa = PBXFileReference; lastKnownFileType = sourcecode.swift; path = ContentView.swift; sourceTree = "<group>"; };
		42DC5D9F2B03C3E0009EEF19 /* Assets.xcassets */ = {isa = PBXFileReference; lastKnownFileType = folder.assetcatalog; path = Assets.xcassets; sourceTree = "<group>"; };
		42DC5DA22B03C3E0009EEF19 /* Preview Assets.xcassets */ = {isa = PBXFileReference; lastKnownFileType = folder.assetcatalog; path = "Preview Assets.xcassets"; sourceTree = "<group>"; };
		42DC5DA92B03C401009EEF19 /* MenuView.swift */ = {isa = PBXFileReference; lastKnownFileType = sourcecode.swift; path = MenuView.swift; sourceTree = "<group>"; };
		42DC5DAB2B03C437009EEF19 /* Model.swift */ = {isa = PBXFileReference; fileEncoding = 4; lastKnownFileType = sourcecode.swift; path = Model.swift; sourceTree = "<group>"; };
		42DC5DAC2B03C437009EEF19 /* ViewModel.swift */ = {isa = PBXFileReference; fileEncoding = 4; lastKnownFileType = sourcecode.swift; path = ViewModel.swift; sourceTree = "<group>"; };
		42DC5DAF2B03CA18009EEF19 /* InfosView.swift */ = {isa = PBXFileReference; lastKnownFileType = sourcecode.swift; path = InfosView.swift; sourceTree = "<group>"; };
		42DC5DB12B03D0CC009EEF19 /* Source.json */ = {isa = PBXFileReference; lastKnownFileType = text.json; path = Source.json; sourceTree = "<group>"; };
		42DC5DB52B04D5AA009EEF19 /* Info.plist */ = {isa = PBXFileReference; lastKnownFileType = text.plist; path = Info.plist; sourceTree = "<group>"; };
		42DC5DB62B04D743009EEF19 /* RowView.swift */ = {isa = PBXFileReference; lastKnownFileType = sourcecode.swift; path = RowView.swift; sourceTree = "<group>"; };
		7B3AEBF82B0F63B7007ED86B /* Tests.xctest */ = {isa = PBXFileReference; explicitFileType = wrapper.cfbundle; includeInIndex = 0; path = Tests.xctest; sourceTree = BUILT_PRODUCTS_DIR; };
		7B3AEBFA2B0F63B7007ED86B /* ChezTotoViewModelTest.swift */ = {isa = PBXFileReference; lastKnownFileType = sourcecode.swift; path = ChezTotoViewModelTest.swift; sourceTree = "<group>"; };
		7BAC21AA2B10D62400821590 /* ChezTotoModelTest.swift */ = {isa = PBXFileReference; lastKnownFileType = sourcecode.swift; path = ChezTotoModelTest.swift; sourceTree = "<group>"; };
		7BAC21AE2B113C8E00821590 /* MenuViewUITest.swift */ = {isa = PBXFileReference; lastKnownFileType = sourcecode.swift; path = MenuViewUITest.swift; sourceTree = "<group>"; };
		7BAC21B02B11DAAD00821590 /* RowViewUITest.swift */ = {isa = PBXFileReference; lastKnownFileType = sourcecode.swift; path = RowViewUITest.swift; sourceTree = "<group>"; };
/* End PBXFileReference section */

/* Begin PBXFrameworksBuildPhase section */
		42DC5D952B03C3DE009EEF19 /* Frameworks */ = {
			isa = PBXFrameworksBuildPhase;
			buildActionMask = 2147483647;
			files = (
			);
			runOnlyForDeploymentPostprocessing = 0;
		};
		7B3AEBF52B0F63B7007ED86B /* Frameworks */ = {
			isa = PBXFrameworksBuildPhase;
			buildActionMask = 2147483647;
			files = (
			);
			runOnlyForDeploymentPostprocessing = 0;
		};
/* End PBXFrameworksBuildPhase section */

/* Begin PBXGroup section */
		42DC5D8F2B03C3DE009EEF19 = {
			isa = PBXGroup;
			children = (
				42DC5D9A2B03C3DE009EEF19 /* ChezToto */,
				7B3AEBF92B0F63B7007ED86B /* Tests */,
				42DC5D992B03C3DE009EEF19 /* Products */,
			);
			sourceTree = "<group>";
		};
		42DC5D992B03C3DE009EEF19 /* Products */ = {
			isa = PBXGroup;
			children = (
				42DC5D982B03C3DE009EEF19 /* ChezToto.app */,
				7B3AEBF82B0F63B7007ED86B /* Tests.xctest */,
			);
			name = Products;
			sourceTree = "<group>";
		};
		42DC5D9A2B03C3DE009EEF19 /* ChezToto */ = {
			isa = PBXGroup;
			children = (
				42DC5DB12B03D0CC009EEF19 /* Source.json */,
				42DC5DB52B04D5AA009EEF19 /* Info.plist */,
				42DC5DAC2B03C437009EEF19 /* ViewModel.swift */,
				42DC5DB42B03D466009EEF19 /* Model */,
				42DC5DB32B03D453009EEF19 /* Views */,
				42DC5D9B2B03C3DE009EEF19 /* ChezTotoApp.swift */,
				42DC5D9F2B03C3E0009EEF19 /* Assets.xcassets */,
				42DC5DA12B03C3E0009EEF19 /* Preview Content */,
			);
			path = ChezToto;
			sourceTree = "<group>";
		};
		42DC5DA12B03C3E0009EEF19 /* Preview Content */ = {
			isa = PBXGroup;
			children = (
				42DC5DA22B03C3E0009EEF19 /* Preview Assets.xcassets */,
			);
			path = "Preview Content";
			sourceTree = "<group>";
		};
		42DC5DB32B03D453009EEF19 /* Views */ = {
			isa = PBXGroup;
			children = (
				42DC5D9D2B03C3DE009EEF19 /* ContentView.swift */,
				42DC5DA92B03C401009EEF19 /* MenuView.swift */,
				42DC5DAF2B03CA18009EEF19 /* InfosView.swift */,
				42DC5DB62B04D743009EEF19 /* RowView.swift */,
			);
			path = Views;
			sourceTree = "<group>";
		};
		42DC5DB42B03D466009EEF19 /* Model */ = {
			isa = PBXGroup;
			children = (
				42DC5DAB2B03C437009EEF19 /* Model.swift */,
			);
			path = Model;
			sourceTree = "<group>";
		};
		7B3AEBF92B0F63B7007ED86B /* Tests */ = {
			isa = PBXGroup;
			children = (
				7B3AEBFA2B0F63B7007ED86B /* ChezTotoViewModelTest.swift */,
				7BAC21AA2B10D62400821590 /* ChezTotoModelTest.swift */,
				7BAC21AE2B113C8E00821590 /* MenuViewUITest.swift */,
				7BAC21B02B11DAAD00821590 /* RowViewUITest.swift */,
			);
			path = Tests;
			sourceTree = "<group>";
		};
/* End PBXGroup section */

/* Begin PBXNativeTarget section */
		42DC5D972B03C3DE009EEF19 /* ChezToto */ = {
			isa = PBXNativeTarget;
			buildConfigurationList = 42DC5DA62B03C3E0009EEF19 /* Build configuration list for PBXNativeTarget "ChezToto" */;
			buildPhases = (
				42DC5D942B03C3DE009EEF19 /* Sources */,
				42DC5D952B03C3DE009EEF19 /* Frameworks */,
				42DC5D962B03C3DE009EEF19 /* Resources */,
			);
			buildRules = (
			);
			dependencies = (
			);
			name = ChezToto;
			productName = ChezToto;
			productReference = 42DC5D982B03C3DE009EEF19 /* ChezToto.app */;
			productType = "com.apple.product-type.application";
		};
		7B3AEBF72B0F63B7007ED86B /* Tests */ = {
			isa = PBXNativeTarget;
			buildConfigurationList = 7B3AEC002B0F63B7007ED86B /* Build configuration list for PBXNativeTarget "Tests" */;
			buildPhases = (
				7B3AEBF42B0F63B7007ED86B /* Sources */,
				7B3AEBF52B0F63B7007ED86B /* Frameworks */,
				7B3AEBF62B0F63B7007ED86B /* Resources */,
			);
			buildRules = (
			);
			dependencies = (
				7B3AEBFD2B0F63B7007ED86B /* PBXTargetDependency */,
			);
			name = Tests;
			productName = Tests;
			productReference = 7B3AEBF82B0F63B7007ED86B /* Tests.xctest */;
			productType = "com.apple.product-type.bundle.unit-test";
		};
/* End PBXNativeTarget section */

/* Begin PBXProject section */
		42DC5D902B03C3DE009EEF19 /* Project object */ = {
			isa = PBXProject;
			attributes = {
				BuildIndependentTargetsInParallel = 1;
				LastSwiftUpdateCheck = 1500;
				LastUpgradeCheck = 1500;
				TargetAttributes = {
					42DC5D972B03C3DE009EEF19 = {
						CreatedOnToolsVersion = 15.0.1;
					};
					7B3AEBF72B0F63B7007ED86B = {
						CreatedOnToolsVersion = 15.0;
						TestTargetID = 42DC5D972B03C3DE009EEF19;
					};
				};
			};
			buildConfigurationList = 42DC5D932B03C3DE009EEF19 /* Build configuration list for PBXProject "ChezToto" */;
			compatibilityVersion = "Xcode 14.0";
			developmentRegion = en;
			hasScannedForEncodings = 0;
			knownRegions = (
				en,
				Base,
			);
			mainGroup = 42DC5D8F2B03C3DE009EEF19;
			productRefGroup = 42DC5D992B03C3DE009EEF19 /* Products */;
			projectDirPath = "";
			projectRoot = "";
			targets = (
				42DC5D972B03C3DE009EEF19 /* ChezToto */,
				7B3AEBF72B0F63B7007ED86B /* Tests */,
			);
		};
/* End PBXProject section */

/* Begin PBXResourcesBuildPhase section */
		42DC5D962B03C3DE009EEF19 /* Resources */ = {
			isa = PBXResourcesBuildPhase;
			buildActionMask = 2147483647;
			files = (
				42DC5DA32B03C3E0009EEF19 /* Preview Assets.xcassets in Resources */,
				42DC5DB22B03D0CC009EEF19 /* Source.json in Resources */,
				42DC5DA02B03C3E0009EEF19 /* Assets.xcassets in Resources */,
			);
			runOnlyForDeploymentPostprocessing = 0;
		};
		7B3AEBF62B0F63B7007ED86B /* Resources */ = {
			isa = PBXResourcesBuildPhase;
			buildActionMask = 2147483647;
			files = (
			);
			runOnlyForDeploymentPostprocessing = 0;
		};
/* End PBXResourcesBuildPhase section */

/* Begin PBXSourcesBuildPhase section */
		42DC5D942B03C3DE009EEF19 /* Sources */ = {
			isa = PBXSourcesBuildPhase;
			buildActionMask = 2147483647;
			files = (
				42DC5DB02B03CA18009EEF19 /* InfosView.swift in Sources */,
				42DC5DAE2B03C437009EEF19 /* ViewModel.swift in Sources */,
				42DC5DB72B04D743009EEF19 /* RowView.swift in Sources */,
				42DC5D9E2B03C3DE009EEF19 /* ContentView.swift in Sources */,
				42DC5DAA2B03C401009EEF19 /* MenuView.swift in Sources */,
				42DC5D9C2B03C3DE009EEF19 /* ChezTotoApp.swift in Sources */,
				42DC5DAD2B03C437009EEF19 /* Model.swift in Sources */,
			);
			runOnlyForDeploymentPostprocessing = 0;
		};
		7B3AEBF42B0F63B7007ED86B /* Sources */ = {
			isa = PBXSourcesBuildPhase;
			buildActionMask = 2147483647;
			files = (
				7B3AEBFB2B0F63B7007ED86B /* ChezTotoViewModelTest.swift in Sources */,
				7BAC21AF2B113C8E00821590 /* MenuViewUITest.swift in Sources */,
				7BAC21AB2B10D62400821590 /* ChezTotoModelTest.swift in Sources */,
				7BAC21B12B11DAAD00821590 /* RowViewUITest.swift in Sources */,
			);
			runOnlyForDeploymentPostprocessing = 0;
		};
/* End PBXSourcesBuildPhase section */

/* Begin PBXTargetDependency section */
		7B3AEBFD2B0F63B7007ED86B /* PBXTargetDependency */ = {
			isa = PBXTargetDependency;
			target = 42DC5D972B03C3DE009EEF19 /* ChezToto */;
			targetProxy = 7B3AEBFC2B0F63B7007ED86B /* PBXContainerItemProxy */;
		};
/* End PBXTargetDependency section */

/* Begin XCBuildConfiguration section */
		42DC5DA42B03C3E0009EEF19 /* Debug */ = {
			isa = XCBuildConfiguration;
			buildSettings = {
				ALWAYS_SEARCH_USER_PATHS = NO;
				ASSETCATALOG_COMPILER_GENERATE_SWIFT_ASSET_SYMBOL_EXTENSIONS = YES;
				CLANG_ANALYZER_NONNULL = YES;
				CLANG_ANALYZER_NUMBER_OBJECT_CONVERSION = YES_AGGRESSIVE;
				CLANG_CXX_LANGUAGE_STANDARD = "gnu++20";
				CLANG_ENABLE_MODULES = YES;
				CLANG_ENABLE_OBJC_ARC = YES;
				CLANG_ENABLE_OBJC_WEAK = YES;
				CLANG_WARN_BLOCK_CAPTURE_AUTORELEASING = YES;
				CLANG_WARN_BOOL_CONVERSION = YES;
				CLANG_WARN_COMMA = YES;
				CLANG_WARN_CONSTANT_CONVERSION = YES;
				CLANG_WARN_DEPRECATED_OBJC_IMPLEMENTATIONS = YES;
				CLANG_WARN_DIRECT_OBJC_ISA_USAGE = YES_ERROR;
				CLANG_WARN_DOCUMENTATION_COMMENTS = YES;
				CLANG_WARN_EMPTY_BODY = YES;
				CLANG_WARN_ENUM_CONVERSION = YES;
				CLANG_WARN_INFINITE_RECURSION = YES;
				CLANG_WARN_INT_CONVERSION = YES;
				CLANG_WARN_NON_LITERAL_NULL_CONVERSION = YES;
				CLANG_WARN_OBJC_IMPLICIT_RETAIN_SELF = YES;
				CLANG_WARN_OBJC_LITERAL_CONVERSION = YES;
				CLANG_WARN_OBJC_ROOT_CLASS = YES_ERROR;
				CLANG_WARN_QUOTED_INCLUDE_IN_FRAMEWORK_HEADER = YES;
				CLANG_WARN_RANGE_LOOP_ANALYSIS = YES;
				CLANG_WARN_STRICT_PROTOTYPES = YES;
				CLANG_WARN_SUSPICIOUS_MOVE = YES;
				CLANG_WARN_UNGUARDED_AVAILABILITY = YES_AGGRESSIVE;
				CLANG_WARN_UNREACHABLE_CODE = YES;
				CLANG_WARN__DUPLICATE_METHOD_MATCH = YES;
				COPY_PHASE_STRIP = NO;
				DEBUG_INFORMATION_FORMAT = dwarf;
				ENABLE_STRICT_OBJC_MSGSEND = YES;
				ENABLE_TESTABILITY = YES;
				ENABLE_USER_SCRIPT_SANDBOXING = YES;
				GCC_C_LANGUAGE_STANDARD = gnu17;
				GCC_DYNAMIC_NO_PIC = NO;
				GCC_NO_COMMON_BLOCKS = YES;
				GCC_OPTIMIZATION_LEVEL = 0;
				GCC_PREPROCESSOR_DEFINITIONS = (
					"DEBUG=1",
					"$(inherited)",
				);
				GCC_WARN_64_TO_32_BIT_CONVERSION = YES;
				GCC_WARN_ABOUT_RETURN_TYPE = YES_ERROR;
				GCC_WARN_UNDECLARED_SELECTOR = YES;
				GCC_WARN_UNINITIALIZED_AUTOS = YES_AGGRESSIVE;
				GCC_WARN_UNUSED_FUNCTION = YES;
				GCC_WARN_UNUSED_VARIABLE = YES;
				IPHONEOS_DEPLOYMENT_TARGET = 16.6;
				LOCALIZATION_PREFERS_STRING_CATALOGS = YES;
				MTL_ENABLE_DEBUG_INFO = INCLUDE_SOURCE;
				MTL_FAST_MATH = YES;
				ONLY_ACTIVE_ARCH = YES;
				SDKROOT = iphoneos;
				SWIFT_ACTIVE_COMPILATION_CONDITIONS = "DEBUG $(inherited)";
				SWIFT_OPTIMIZATION_LEVEL = "-Onone";
			};
			name = Debug;
		};
		42DC5DA52B03C3E0009EEF19 /* Release */ = {
			isa = XCBuildConfiguration;
			buildSettings = {
				ALWAYS_SEARCH_USER_PATHS = NO;
				ASSETCATALOG_COMPILER_GENERATE_SWIFT_ASSET_SYMBOL_EXTENSIONS = YES;
				CLANG_ANALYZER_NONNULL = YES;
				CLANG_ANALYZER_NUMBER_OBJECT_CONVERSION = YES_AGGRESSIVE;
				CLANG_CXX_LANGUAGE_STANDARD = "gnu++20";
				CLANG_ENABLE_MODULES = YES;
				CLANG_ENABLE_OBJC_ARC = YES;
				CLANG_ENABLE_OBJC_WEAK = YES;
				CLANG_WARN_BLOCK_CAPTURE_AUTORELEASING = YES;
				CLANG_WARN_BOOL_CONVERSION = YES;
				CLANG_WARN_COMMA = YES;
				CLANG_WARN_CONSTANT_CONVERSION = YES;
				CLANG_WARN_DEPRECATED_OBJC_IMPLEMENTATIONS = YES;
				CLANG_WARN_DIRECT_OBJC_ISA_USAGE = YES_ERROR;
				CLANG_WARN_DOCUMENTATION_COMMENTS = YES;
				CLANG_WARN_EMPTY_BODY = YES;
				CLANG_WARN_ENUM_CONVERSION = YES;
				CLANG_WARN_INFINITE_RECURSION = YES;
				CLANG_WARN_INT_CONVERSION = YES;
				CLANG_WARN_NON_LITERAL_NULL_CONVERSION = YES;
				CLANG_WARN_OBJC_IMPLICIT_RETAIN_SELF = YES;
				CLANG_WARN_OBJC_LITERAL_CONVERSION = YES;
				CLANG_WARN_OBJC_ROOT_CLASS = YES_ERROR;
				CLANG_WARN_QUOTED_INCLUDE_IN_FRAMEWORK_HEADER = YES;
				CLANG_WARN_RANGE_LOOP_ANALYSIS = YES;
				CLANG_WARN_STRICT_PROTOTYPES = YES;
				CLANG_WARN_SUSPICIOUS_MOVE = YES;
				CLANG_WARN_UNGUARDED_AVAILABILITY = YES_AGGRESSIVE;
				CLANG_WARN_UNREACHABLE_CODE = YES;
				CLANG_WARN__DUPLICATE_METHOD_MATCH = YES;
				COPY_PHASE_STRIP = NO;
				DEBUG_INFORMATION_FORMAT = "dwarf-with-dsym";
				ENABLE_NS_ASSERTIONS = NO;
				ENABLE_STRICT_OBJC_MSGSEND = YES;
				ENABLE_USER_SCRIPT_SANDBOXING = YES;
				GCC_C_LANGUAGE_STANDARD = gnu17;
				GCC_NO_COMMON_BLOCKS = YES;
				GCC_WARN_64_TO_32_BIT_CONVERSION = YES;
				GCC_WARN_ABOUT_RETURN_TYPE = YES_ERROR;
				GCC_WARN_UNDECLARED_SELECTOR = YES;
				GCC_WARN_UNINITIALIZED_AUTOS = YES_AGGRESSIVE;
				GCC_WARN_UNUSED_FUNCTION = YES;
				GCC_WARN_UNUSED_VARIABLE = YES;
				IPHONEOS_DEPLOYMENT_TARGET = 16.6;
				LOCALIZATION_PREFERS_STRING_CATALOGS = YES;
				MTL_ENABLE_DEBUG_INFO = NO;
				MTL_FAST_MATH = YES;
				SDKROOT = iphoneos;
				SWIFT_COMPILATION_MODE = wholemodule;
				VALIDATE_PRODUCT = YES;
			};
			name = Release;
		};
		42DC5DA72B03C3E0009EEF19 /* Debug */ = {
			isa = XCBuildConfiguration;
			buildSettings = {
				ASSETCATALOG_COMPILER_APPICON_NAME = AppIcon;
				ASSETCATALOG_COMPILER_GLOBAL_ACCENT_COLOR_NAME = AccentColor;
				CODE_SIGN_STYLE = Automatic;
				CURRENT_PROJECT_VERSION = 1;
				DEVELOPMENT_ASSET_PATHS = "\"ChezToto/Preview Content\"";
				DEVELOPMENT_TEAM = K3WVRH5UCM;
				ENABLE_PREVIEWS = YES;
				GENERATE_INFOPLIST_FILE = YES;
				INFOPLIST_FILE = ChezToto/Info.plist;
				INFOPLIST_KEY_UIApplicationSceneManifest_Generation = YES;
				INFOPLIST_KEY_UIApplicationSupportsIndirectInputEvents = YES;
				INFOPLIST_KEY_UILaunchScreen_Generation = YES;
				INFOPLIST_KEY_UISupportedInterfaceOrientations_iPad = "UIInterfaceOrientationPortrait UIInterfaceOrientationPortraitUpsideDown UIInterfaceOrientationLandscapeLeft UIInterfaceOrientationLandscapeRight";
				INFOPLIST_KEY_UISupportedInterfaceOrientations_iPhone = "UIInterfaceOrientationPortrait UIInterfaceOrientationLandscapeLeft UIInterfaceOrientationLandscapeRight";
				INFOPLIST_KEY_UIUserInterfaceStyle = Light;
				LD_RUNPATH_SEARCH_PATHS = (
					"$(inherited)",
					"@executable_path/Frameworks",
				);
				MARKETING_VERSION = 1.0;
				PRODUCT_BUNDLE_IDENTIFIER = com.amandinecousin.ChezToto;
				PRODUCT_NAME = "$(TARGET_NAME)";
				SWIFT_EMIT_LOC_STRINGS = YES;
				SWIFT_VERSION = 5.0;
				TARGETED_DEVICE_FAMILY = "1,2";
			};
			name = Debug;
		};
		42DC5DA82B03C3E0009EEF19 /* Release */ = {
			isa = XCBuildConfiguration;
			buildSettings = {
				ASSETCATALOG_COMPILER_APPICON_NAME = AppIcon;
				ASSETCATALOG_COMPILER_GLOBAL_ACCENT_COLOR_NAME = AccentColor;
				CODE_SIGN_STYLE = Automatic;
				CURRENT_PROJECT_VERSION = 1;
				DEVELOPMENT_ASSET_PATHS = "\"ChezToto/Preview Content\"";
				DEVELOPMENT_TEAM = K3WVRH5UCM;
				ENABLE_PREVIEWS = YES;
				GENERATE_INFOPLIST_FILE = YES;
				INFOPLIST_FILE = ChezToto/Info.plist;
				INFOPLIST_KEY_UIApplicationSceneManifest_Generation = YES;
				INFOPLIST_KEY_UIApplicationSupportsIndirectInputEvents = YES;
				INFOPLIST_KEY_UILaunchScreen_Generation = YES;
				INFOPLIST_KEY_UISupportedInterfaceOrientations_iPad = "UIInterfaceOrientationPortrait UIInterfaceOrientationPortraitUpsideDown UIInterfaceOrientationLandscapeLeft UIInterfaceOrientationLandscapeRight";
				INFOPLIST_KEY_UISupportedInterfaceOrientations_iPhone = "UIInterfaceOrientationPortrait UIInterfaceOrientationLandscapeLeft UIInterfaceOrientationLandscapeRight";
				INFOPLIST_KEY_UIUserInterfaceStyle = Light;
				LD_RUNPATH_SEARCH_PATHS = (
					"$(inherited)",
					"@executable_path/Frameworks",
				);
				MARKETING_VERSION = 1.0;
				PRODUCT_BUNDLE_IDENTIFIER = com.amandinecousin.ChezToto;
				PRODUCT_NAME = "$(TARGET_NAME)";
				SWIFT_EMIT_LOC_STRINGS = YES;
				SWIFT_VERSION = 5.0;
				TARGETED_DEVICE_FAMILY = "1,2";
			};
			name = Release;
		};
		7B3AEBFE2B0F63B7007ED86B /* Debug */ = {
			isa = XCBuildConfiguration;
			buildSettings = {
				BUNDLE_LOADER = "$(TEST_HOST)";
				CODE_SIGN_STYLE = Automatic;
				CURRENT_PROJECT_VERSION = 1;
				DEVELOPMENT_TEAM = K3WVRH5UCM;
				GENERATE_INFOPLIST_FILE = YES;
				IPHONEOS_DEPLOYMENT_TARGET = 17.0;
				MARKETING_VERSION = 1.0;
				PRODUCT_BUNDLE_IDENTIFIER = "Tatiana-Simmer.Tests";
				PRODUCT_NAME = "$(TARGET_NAME)";
				SWIFT_EMIT_LOC_STRINGS = NO;
				SWIFT_VERSION = 5.0;
				TARGETED_DEVICE_FAMILY = "1,2";
				TEST_HOST = "$(BUILT_PRODUCTS_DIR)/ChezToto.app/$(BUNDLE_EXECUTABLE_FOLDER_PATH)/ChezToto";
			};
			name = Debug;
		};
		7B3AEBFF2B0F63B7007ED86B /* Release */ = {
			isa = XCBuildConfiguration;
			buildSettings = {
				BUNDLE_LOADER = "$(TEST_HOST)";
				CODE_SIGN_STYLE = Automatic;
				CURRENT_PROJECT_VERSION = 1;
				DEVELOPMENT_TEAM = K3WVRH5UCM;
				GENERATE_INFOPLIST_FILE = YES;
				IPHONEOS_DEPLOYMENT_TARGET = 17.0;
				MARKETING_VERSION = 1.0;
				PRODUCT_BUNDLE_IDENTIFIER = "Tatiana-Simmer.Tests";
				PRODUCT_NAME = "$(TARGET_NAME)";
				SWIFT_EMIT_LOC_STRINGS = NO;
				SWIFT_VERSION = 5.0;
				TARGETED_DEVICE_FAMILY = "1,2";
				TEST_HOST = "$(BUILT_PRODUCTS_DIR)/ChezToto.app/$(BUNDLE_EXECUTABLE_FOLDER_PATH)/ChezToto";
			};
			name = Release;
		};
/* End XCBuildConfiguration section */

/* Begin XCConfigurationList section */
		42DC5D932B03C3DE009EEF19 /* Build configuration list for PBXProject "ChezToto" */ = {
			isa = XCConfigurationList;
			buildConfigurations = (
				42DC5DA42B03C3E0009EEF19 /* Debug */,
				42DC5DA52B03C3E0009EEF19 /* Release */,
			);
			defaultConfigurationIsVisible = 0;
			defaultConfigurationName = Release;
		};
		42DC5DA62B03C3E0009EEF19 /* Build configuration list for PBXNativeTarget "ChezToto" */ = {
			isa = XCConfigurationList;
			buildConfigurations = (
				42DC5DA72B03C3E0009EEF19 /* Debug */,
				42DC5DA82B03C3E0009EEF19 /* Release */,
			);
			defaultConfigurationIsVisible = 0;
			defaultConfigurationName = Release;
		};
		7B3AEC002B0F63B7007ED86B /* Build configuration list for PBXNativeTarget "Tests" */ = {
			isa = XCConfigurationList;
			buildConfigurations = (
				7B3AEBFE2B0F63B7007ED86B /* Debug */,
				7B3AEBFF2B0F63B7007ED86B /* Release */,
			);
			defaultConfigurationIsVisible = 0;
			defaultConfigurationName = Release;
		};
/* End XCConfigurationList section */
	};
	rootObject = 42DC5D902B03C3DE009EEF19 /* Project object */;
}
